
Microsoft Visual Studio Solution File, Format Version 12.00
# Visual Studio Version 16
VisualStudioVersion = 16.0.31105.61
MinimumVisualStudioVersion = 10.0.40219.1
Project("{FAE04EC0-301F-11D3-BF4B-00C04F79EFBC}") = "Flappy Bird Window Form", "Flappy Bird Window Form.csproj", "{D6B52737-6565-4481-B5C2-EDC6008DA008}"
EndProject
Global
	GlobalSection(SolutionConfigurationPlatforms) = preSolution
		Debug|Any CPU = Debug|Any CPU
		Release|Any CPU = Release|Any CPU
	EndGlobalSection
	GlobalSection(ProjectConfigurationPlatforms) = postSolution
		{D6B52737-6565-4481-B5C2-EDC6008DA008}.Debug|Any CPU.ActiveCfg = Debug|Any CPU
		{D6B52737-6565-4481-B5C2-EDC6008DA008}.Debug|Any CPU.Build.0 = Debug|Any CPU
		{D6B52737-6565-4481-B5C2-EDC6008DA008}.Release|Any CPU.ActiveCfg = Release|Any CPU
		{D6B52737-6565-4481-B5C2-EDC6008DA008}.Release|Any CPU.Build.0 = Release|Any CPU
	EndGlobalSection
	GlobalSection(SolutionProperties) = preSolution
		HideSolutionNode = FALSE
	EndGlobalSection
	GlobalSection(ExtensibilityGlobals) = postSolution
		SolutionGuid = {CD4F18BA-CA18-4D35-92F4-CA9F0577423F}
	EndGlobalSection
EndGlobal
